
Microsoft Visual Studio Solution File, Format Version 12.00
# Visual Studio Version 17
VisualStudioVersion = 17.2.32526.322
MinimumVisualStudioVersion = 10.0.40219.1
Project("{FAE04EC0-301F-11D3-BF4B-00C04F79EFBC}") = "TrainTravelApp", "TrainTravelApp.csproj", "{163F2B52-7C43-42B1-85F2-A4BF34CD1E5F}"
EndProject
Global
	GlobalSection(SolutionConfigurationPlatforms) = preSolution
		Debug|Any CPU = Debug|Any CPU
		Release|Any CPU = Release|Any CPU
	EndGlobalSection
	GlobalSection(ProjectConfigurationPlatforms) = postSolution
		{163F2B52-7C43-42B1-85F2-A4BF34CD1E5F}.Debug|Any CPU.ActiveCfg = Debug|Any CPU
		{163F2B52-7C43-42B1-85F2-A4BF34CD1E5F}.Debug|Any CPU.Build.0 = Debug|Any CPU
		{163F2B52-7C43-42B1-85F2-A4BF34CD1E5F}.Release|Any CPU.ActiveCfg = Release|Any CPU
		{163F2B52-7C43-42B1-85F2-A4BF34CD1E5F}.Release|Any CPU.Build.0 = Release|Any CPU
	EndGlobalSection
	GlobalSection(SolutionProperties) = preSolution
		HideSolutionNode = FALSE
	EndGlobalSection
	GlobalSection(ExtensibilityGlobals) = postSolution
		SolutionGuid = {0F5FB7C7-F33A-4BE2-87CF-793B8880EE47}
	EndGlobalSection
EndGlobal
